
Microsoft Visual Studio Solution File, Format Version 12.00
# Visual Studio 2015
Project("{FAE04EC0-301F-11D3-BF4B-00C04F79EFBC}") = "PeTI", "PeTI.csproj", "{5E66EEA3-BF55-E438-4C78-B497BD33BD52}"
EndProject
Global
	GlobalSection(SolutionConfigurationPlatforms) = preSolution
		Debug|Any CPU = Debug|Any CPU
		Release|Any CPU = Release|Any CPU
	EndGlobalSection
	GlobalSection(ProjectConfigurationPlatforms) = postSolution
		{5E66EEA3-BF55-E438-4C78-B497BD33BD52}.Debug|Any CPU.ActiveCfg = Debug|Any CPU
		{5E66EEA3-BF55-E438-4C78-B497BD33BD52}.Debug|Any CPU.Build.0 = Debug|Any CPU
		{5E66EEA3-BF55-E438-4C78-B497BD33BD52}.Release|Any CPU.ActiveCfg = Release|Any CPU
		{5E66EEA3-BF55-E438-4C78-B497BD33BD52}.Release|Any CPU.Build.0 = Release|Any CPU
	EndGlobalSection
	GlobalSection(SolutionProperties) = preSolution
		HideSolutionNode = FALSE
	EndGlobalSection
EndGlobal
